
Microsoft Visual Studio Solution File, Format Version 12.00
# Visual Studio Version 17
VisualStudioVersion = 17.5.33516.290
MinimumVisualStudioVersion = 10.0.40219.1
Project("{FAE04EC0-301F-11D3-BF4B-00C04F79EFBC}") = "GeoFence_Availability", "GeoFence_Availability\GeoFence_Availability.csproj", "{1C55D429-3C58-4EAD-9E18-E98B32FAA4FA}"
EndProject
Global
	GlobalSection(SolutionConfigurationPlatforms) = preSolution
		Debug|Any CPU = Debug|Any CPU
		Release|Any CPU = Release|Any CPU
	EndGlobalSection
	GlobalSection(ProjectConfigurationPlatforms) = postSolution
		{1C55D429-3C58-4EAD-9E18-E98B32FAA4FA}.Debug|Any CPU.ActiveCfg = Debug|Any CPU
		{1C55D429-3C58-4EAD-9E18-E98B32FAA4FA}.Debug|Any CPU.Build.0 = Debug|Any CPU
		{1C55D429-3C58-4EAD-9E18-E98B32FAA4FA}.Release|Any CPU.ActiveCfg = Release|Any CPU
		{1C55D429-3C58-4EAD-9E18-E98B32FAA4FA}.Release|Any CPU.Build.0 = Release|Any CPU
	EndGlobalSection
	GlobalSection(SolutionProperties) = preSolution
		HideSolutionNode = FALSE
	EndGlobalSection
	GlobalSection(ExtensibilityGlobals) = postSolution
		SolutionGuid = {055AF053-6ED1-4582-8D5A-50FE6490B1C6}
	EndGlobalSection
EndGlobal
